
Microsoft Visual Studio Solution File, Format Version 12.00
# Visual Studio 15
VisualStudioVersion = 15.0.26124.0
MinimumVisualStudioVersion = 15.0.26124.0
Project("{FAE04EC0-301F-11D3-BF4B-00C04F79EFBC}") = "Core", "Core\Core.csproj", "{77AC37B9-199E-48AF-80DC-99FA4A6B57EC}"
EndProject
Project("{FAE04EC0-301F-11D3-BF4B-00C04F79EFBC}") = "Infrastructure", "Infrastructure\Infrastructure.csproj", "{3FC6063E-5BE6-4752-B71E-D5F6113A3AD6}"
EndProject
Project("{FAE04EC0-301F-11D3-BF4B-00C04F79EFBC}") = "API", "API\API.csproj", "{F48C9D38-2828-423C-8E45-8929688E0DE2}"
EndProject
Project("{2150E333-8FDC-42A3-9474-1A3956D46DE8}") = "Solution Items", "Solution Items", "{4ECCF409-F1F9-4D8E-B93D-575946B697DD}"
	ProjectSection(SolutionItems) = preProject
		.gitignore = .gitignore
	EndProjectSection
EndProject
Global
	GlobalSection(SolutionConfigurationPlatforms) = preSolution
		Debug|Any CPU = Debug|Any CPU
		Debug|x64 = Debug|x64
		Debug|x86 = Debug|x86
		Release|Any CPU = Release|Any CPU
		Release|x64 = Release|x64
		Release|x86 = Release|x86
	EndGlobalSection
	GlobalSection(SolutionProperties) = preSolution
		HideSolutionNode = FALSE
	EndGlobalSection
	GlobalSection(ProjectConfigurationPlatforms) = postSolution
		{77AC37B9-199E-48AF-80DC-99FA4A6B57EC}.Debug|Any CPU.ActiveCfg = Debug|Any CPU
		{77AC37B9-199E-48AF-80DC-99FA4A6B57EC}.Debug|Any CPU.Build.0 = Debug|Any CPU
		{77AC37B9-199E-48AF-80DC-99FA4A6B57EC}.Debug|x64.ActiveCfg = Debug|Any CPU
		{77AC37B9-199E-48AF-80DC-99FA4A6B57EC}.Debug|x64.Build.0 = Debug|Any CPU
		{77AC37B9-199E-48AF-80DC-99FA4A6B57EC}.Debug|x86.ActiveCfg = Debug|Any CPU
		{77AC37B9-199E-48AF-80DC-99FA4A6B57EC}.Debug|x86.Build.0 = Debug|Any CPU
		{77AC37B9-199E-48AF-80DC-99FA4A6B57EC}.Release|Any CPU.ActiveCfg = Release|Any CPU
		{77AC37B9-199E-48AF-80DC-99FA4A6B57EC}.Release|Any CPU.Build.0 = Release|Any CPU
		{77AC37B9-199E-48AF-80DC-99FA4A6B57EC}.Release|x64.ActiveCfg = Release|Any CPU
		{77AC37B9-199E-48AF-80DC-99FA4A6B57EC}.Release|x64.Build.0 = Release|Any CPU
		{77AC37B9-199E-48AF-80DC-99FA4A6B57EC}.Release|x86.ActiveCfg = Release|Any CPU
		{77AC37B9-199E-48AF-80DC-99FA4A6B57EC}.Release|x86.Build.0 = Release|Any CPU
		{3FC6063E-5BE6-4752-B71E-D5F6113A3AD6}.Debug|Any CPU.ActiveCfg = Debug|Any CPU
		{3FC6063E-5BE6-4752-B71E-D5F6113A3AD6}.Debug|Any CPU.Build.0 = Debug|Any CPU
		{3FC6063E-5BE6-4752-B71E-D5F6113A3AD6}.Debug|x64.ActiveCfg = Debug|Any CPU
		{3FC6063E-5BE6-4752-B71E-D5F6113A3AD6}.Debug|x64.Build.0 = Debug|Any CPU
		{3FC6063E-5BE6-4752-B71E-D5F6113A3AD6}.Debug|x86.ActiveCfg = Debug|Any CPU
		{3FC6063E-5BE6-4752-B71E-D5F6113A3AD6}.Debug|x86.Build.0 = Debug|Any CPU
		{3FC6063E-5BE6-4752-B71E-D5F6113A3AD6}.Release|Any CPU.ActiveCfg = Release|Any CPU
		{3FC6063E-5BE6-4752-B71E-D5F6113A3AD6}.Release|Any CPU.Build.0 = Release|Any CPU
		{3FC6063E-5BE6-4752-B71E-D5F6113A3AD6}.Release|x64.ActiveCfg = Release|Any CPU
		{3FC6063E-5BE6-4752-B71E-D5F6113A3AD6}.Release|x64.Build.0 = Release|Any CPU
		{3FC6063E-5BE6-4752-B71E-D5F6113A3AD6}.Release|x86.ActiveCfg = Release|Any CPU
		{3FC6063E-5BE6-4752-B71E-D5F6113A3AD6}.Release|x86.Build.0 = Release|Any CPU
		{F48C9D38-2828-423C-8E45-8929688E0DE2}.Debug|Any CPU.ActiveCfg = Debug|Any CPU
		{F48C9D38-2828-423C-8E45-8929688E0DE2}.Debug|Any CPU.Build.0 = Debug|Any CPU
		{F48C9D38-2828-423C-8E45-8929688E0DE2}.Debug|x64.ActiveCfg = Debug|Any CPU
		{F48C9D38-2828-423C-8E45-8929688E0DE2}.Debug|x64.Build.0 = Debug|Any CPU
		{F48C9D38-2828-423C-8E45-8929688E0DE2}.Debug|x86.ActiveCfg = Debug|Any CPU
		{F48C9D38-2828-423C-8E45-8929688E0DE2}.Debug|x86.Build.0 = Debug|Any CPU
		{F48C9D38-2828-423C-8E45-8929688E0DE2}.Release|Any CPU.ActiveCfg = Release|Any CPU
		{F48C9D38-2828-423C-8E45-8929688E0DE2}.Release|Any CPU.Build.0 = Release|Any CPU
		{F48C9D38-2828-423C-8E45-8929688E0DE2}.Release|x64.ActiveCfg = Release|Any CPU
		{F48C9D38-2828-423C-8E45-8929688E0DE2}.Release|x64.Build.0 = Release|Any CPU
		{F48C9D38-2828-423C-8E45-8929688E0DE2}.Release|x86.ActiveCfg = Release|Any CPU
		{F48C9D38-2828-423C-8E45-8929688E0DE2}.Release|x86.Build.0 = Release|Any CPU
	EndGlobalSection
EndGlobal
